version = 1
revision = 3
requires-python = ">=3.14"

[options]
exclude-newer = "2026-08-08T09:57:19.238045Z"

[manifest]
members = [
    "python-workspace-example",
    "text-tools",
]

[[package]]
name = "python-workspace-example"
version = "0.1.0"
source = { virtual = "." }

[package.dev-dependencies]
toolchain-build = [
    { name = "uv-build" },
]

[package.metadata]

[package.metadata.requires-dev]
toolchain-build = [{ name = "uv-build", specifier = "==0.12.3" }]

[[package]]
name = "text-tools"
version = "0.1.0"
source = { editable = "packages/text-tools" }

[[package]]
name = "uv-build"
version = "0.12.3"
source = { registry = "https://pypi.org/simple" }
sdist = { url = "https://files.pythonhosted.org/packages/36/d4/e3b940cb6f0c9051c535504bc5766bb242df55e9b24a4a2f903b32c8b270/uv_build-0.12.3.tar.gz", hash = "sha256:b6f51ed4411a35f008c9ef6e28016ac8f167f5c14fb2d0e453a9a97246b14206", size = 414444, upload-time = "2026-08-07T16:32:32.953Z" }
wheels = [
    { url = "https://files.pythonhosted.org/packages/6b/69/fba69a82c7640db23d1e6061c2bf4436f5ef5e8f2fbd4fad5792f5940945/uv_build-0.12.3-py3-none-linux_armv6l.whl", hash = "sha256:9bc47530837f8a544c7a9e11e6636a950bc68aac1837462052dc180f45318f96", size = 1490196, upload-time = "2026-08-07T16:32:07.314Z" },
    { url = "https://files.pythonhosted.org/packages/43/a4/700c2cf7997182f802ae0d913ca5fd306b7075800d4d42b3c621ecd2de03/uv_build-0.12.3-py3-none-macosx_10_12_x86_64.whl", hash = "sha256:48117d0f8d7be3e88f2e8e63e608873bc2aa950f5d9c3a845650e41632dfd0e9", size = 1433358, upload-time = "2026-08-07T16:32:09.048Z" },
    { url = "https://files.pythonhosted.org/packages/80/a1/1bba0b4e9b72331430f7bad929d13fcb9fb83d0850f19b646b464f2b2164/uv_build-0.12.3-py3-none-macosx_11_0_arm64.whl", hash = "sha256:52d1bb3e76217f4ece4fb2b89a7536d481af087567d83428cc72d570b540f3df", size = 1378895, upload-time = "2026-08-07T16:32:10.417Z" },
    { url = "https://files.pythonhosted.org/packages/05/4c/6bfb13945faac403daab35807e30c9cefa3b3625cfac306bcb21df1013ee/uv_build-0.12.3-py3-none-manylinux_2_17_aarch64.manylinux2014_aarch64.musllinux_1_1_aarch64.whl", hash = "sha256:3f6cda73d200e755d8aec6492af22c279ce69e460241a5f7507eba4aeb08abb7", size = 1575005, upload-time = "2026-08-07T16:32:11.891Z" },
    { url = "https://files.pythonhosted.org/packages/eb/33/1d6407f2fab6e5c72ccf4378a3517060b9fe75437d861d320ffda1eaeb1d/uv_build-0.12.3-py3-none-manylinux_2_17_armv7l.manylinux2014_armv7l.whl", hash = "sha256:7f13598c88b44a9b46c5d74370a0c12954f2e328d9193e80358a38edf95c7608", size = 1456360, upload-time = "2026-08-07T16:32:13.122Z" },
    { url = "https://files.pythonhosted.org/packages/a0/34/1ac103f2857c2eb409db4d480cd0b1a1a7bc58ffa83c7e285e762f28e5a5/uv_build-0.12.3-py3-none-manylinux_2_17_i686.manylinux2014_i686.whl", hash = "sha256:aa2c683d59b2c593b3b3f20e9bdc949131f3e6dd11250f214093a4b800e2472d", size = 1612832, upload-time = "2026-08-07T16:32:14.452Z" },
    { url = "https://files.pythonhosted.org/packages/d5/63/2553f18a402ebd0c96e4805716472290aed232259815bf42e4ab5b8179e3/uv_build-0.12.3-py3-none-manylinux_2_17_ppc64le.manylinux2014_ppc64le.whl", hash = "sha256:d1d47f328fb52f62cbc4915c82c96850d246d9029e6f461bfd01f31f43a13451", size = 1651275, upload-time = "2026-08-07T16:32:15.809Z" },
    { url = "https://files.pythonhosted.org/packages/6f/3f/fc50e4eebd9a4aeb4b6141911c748714d99ec77a0f8769cf68abd6b9b9a9/uv_build-0.12.3-py3-none-manylinux_2_17_s390x.manylinux2014_s390x.whl", hash = "sha256:322d634f2fbf8c7965dde52106db8040b0cc23dbc07b6508d900f217843bd129", size = 1547358, upload-time = "2026-08-07T16:32:17.117Z" },
    { url = "https://files.pythonhosted.org/packages/7e/af/08ec08f018f2e33afefe3012ab418dd9522bd2b5a09880433cf4ec4f2f9c/uv_build-0.12.3-py3-none-manylinux_2_17_x86_64.manylinux2014_x86_64.whl", hash = "sha256:7b9bd7b737e8e79370684c959e9500eb32fee44efc396d51ab11ca598d1596a2", size = 1575989, upload-time = "2026-08-07T16:32:18.468Z" },
    { url = "https://files.pythonhosted.org/packages/a5/3c/ccb9ea69582ef1520e8a597722528ed8b9b60c1aa466ade9b3d30c8d6b2f/uv_build-0.12.3-py3-none-manylinux_2_28_aarch64.whl", hash = "sha256:c821185380be7573bed6e653f995c6211258bd5351cbccf4072cef3ebfcf1a5c", size = 1569888, upload-time = "2026-08-07T16:32:19.903Z" },
    { url = "https://files.pythonhosted.org/packages/49/36/c928e5945f1225211b74832baa0ef7a4c51a105b5653d0fdcbc859ddd9a9/uv_build-0.12.3-py3-none-manylinux_2_31_riscv64.whl", hash = "sha256:ad894d87c4e048973ba975aa85f9c8b30fe1065b8c10ec2adfd8395333a6df4f", size = 1539237, upload-time = "2026-08-07T16:32:21.208Z" },
    { url = "https://files.pythonhosted.org/packages/61/a9/4eec9fc9866c25db1ef3e712584b7cc7d79b7bb3a824b23b8478bbf50a81/uv_build-0.12.3-py3-none-musllinux_1_1_armv7l.whl", hash = "sha256:855dbaf6912805e70ae1c788a282dc023d69f6acaec0955d14e57759017e11de", size = 1471176, upload-time = "2026-08-07T16:32:22.793Z" },
    { url = "https://files.pythonhosted.org/packages/a5/f1/7a0bf266cb33e93a11abafd03f1d853cfaccba1a1114b47e271819124c26/uv_build-0.12.3-py3-none-musllinux_1_1_i686.whl", hash = "sha256:b294990201d431fb0e7cfada5a00e7e5d4c520c32c86a437a11825f73960c441", size = 1563451, upload-time = "2026-08-07T16:32:23.985Z" },
    { url = "https://files.pythonhosted.org/packages/31/d1/343e009e9b1329a798f97834fc42842651a7c92b3282bf84a7b466c29a9b/uv_build-0.12.3-py3-none-musllinux_1_1_riscv64.whl", hash = "sha256:39adb84a210edaffc4eab8f59a2fc66579d08ea4e75acd3f36548f33f4a3eefc", size = 1560641, upload-time = "2026-08-07T16:32:25.537Z" },
    { url = "https://files.pythonhosted.org/packages/d7/ce/8231c38f621f24dc7368febdedcc098ca2c6a620598b16bce9c822a944a4/uv_build-0.12.3-py3-none-musllinux_1_1_x86_64.whl", hash = "sha256:b92f3c999dceaa1ba544587be5e85708bbc7a584f4e22dbb770409699eeffe80", size = 1636641, upload-time = "2026-08-07T16:32:27.327Z" },
    { url = "https://files.pythonhosted.org/packages/6c/8b/bef84ea95ca741bcfc80bbc0d53de40d410e05787239890edfcfc9a69020/uv_build-0.12.3-py3-none-win32.whl", hash = "sha256:cf304c80cf6200aad0956bbc2cdb1e23dd49bfeb74e036a263050de2b0e54f91", size = 1385551, upload-time = "2026-08-07T16:32:29.18Z" },
    { url = "https://files.pythonhosted.org/packages/1c/2f/1f9969d816e6dcc677167f46521c756e4d82b9ba04895d4f52f370e9e2a9/uv_build-0.12.3-py3-none-win_amd64.whl", hash = "sha256:6d0d59550fc9498087c071e9c842c87cd5288e0f8bda4888a633d6be79c3178c", size = 1453675, upload-time = "2026-08-07T16:32:30.641Z" },
    { url = "https://files.pythonhosted.org/packages/8e/44/ee96d4b6e577f2e5ec3124819010cafc7e01ddacd2087af11f05b0ffec09/uv_build-0.12.3-py3-none-win_arm64.whl", hash = "sha256:3bdf349e221a93544c940157361d22e5b6d73bc9bd1b302364461d8afd46479a", size = 1372732, upload-time = "2026-08-07T16:32:31.893Z" },
]
